
Microsoft Visual Studio Solution File, Format Version 12.00
# Visual Studio 15
VisualStudioVersion = 15.0.28010.2048
MinimumVisualStudioVersion = 10.0.40219.1
Project("{FAE04EC0-301F-11D3-BF4B-00C04F79EFBC}") = "OfficeFileUnlocker", "OfficeFileUnlocker\OfficeFileUnlocker.csproj", "{9DE33CBD-889D-45A3-8C5D-3C9C048CE917}"
EndProject
Global
	GlobalSection(SolutionConfigurationPlatforms) = preSolution
		Debug|Any CPU = Debug|Any CPU
		Release|Any CPU = Release|Any CPU
	EndGlobalSection
	GlobalSection(ProjectConfigurationPlatforms) = postSolution
		{9DE33CBD-889D-45A3-8C5D-3C9C048CE917}.Debug|Any CPU.ActiveCfg = Debug|Any CPU
		{9DE33CBD-889D-45A3-8C5D-3C9C048CE917}.Debug|Any CPU.Build.0 = Debug|Any CPU
		{9DE33CBD-889D-45A3-8C5D-3C9C048CE917}.Release|Any CPU.ActiveCfg = Release|Any CPU
		{9DE33CBD-889D-45A3-8C5D-3C9C048CE917}.Release|Any CPU.Build.0 = Release|Any CPU
	EndGlobalSection
	GlobalSection(SolutionProperties) = preSolution
		HideSolutionNode = FALSE
	EndGlobalSection
	GlobalSection(ExtensibilityGlobals) = postSolution
		SolutionGuid = {E48570B4-C659-4D4C-9958-5B7395B4CCCA}
	EndGlobalSection
EndGlobal
